
Microsoft Visual Studio Solution File, Format Version 11.00
# Visual Studio 2010
Project("{FAE04EC0-301F-11D3-BF4B-00C04F79EFBC}") = "kgrep", "src\kgrep.csproj", "{998FAF0D-4F32-427F-A7AD-B2C25C066317}"
EndProject
Global
	GlobalSection(SolutionConfigurationPlatforms) = preSolution
		Debug|Any CPU = Debug|Any CPU
		Release|Any CPU = Release|Any CPU
	EndGlobalSection
	GlobalSection(ProjectConfigurationPlatforms) = postSolution
		{998FAF0D-4F32-427F-A7AD-B2C25C066317}.Debug|Any CPU.ActiveCfg = Debug|Any CPU
		{998FAF0D-4F32-427F-A7AD-B2C25C066317}.Debug|Any CPU.Build.0 = Debug|Any CPU
		{998FAF0D-4F32-427F-A7AD-B2C25C066317}.Release|Any CPU.ActiveCfg = Release|Any CPU
		{998FAF0D-4F32-427F-A7AD-B2C25C066317}.Release|Any CPU.Build.0 = Release|Any CPU
	EndGlobalSection
	GlobalSection(SolutionProperties) = preSolution
		HideSolutionNode = FALSE
	EndGlobalSection
EndGlobal
