
Microsoft Visual Studio Solution File, Format Version 11.00
# Visual Studio 2010
Project("{FAE04EC0-301F-11D3-BF4B-00C04F79EFBC}") = "kgrep", "src\kgrep.csproj", "{998FAF0D-4F32-427F-A7AD-B2C25C066317}"
EndProject
Project("{2150E333-8FDC-42A3-9474-1A3956D46DE8}") = "Solution Items", "Solution Items", "{590F6766-5F5E-4BF1-9A7E-04B2BB5CA3E8}"
	ProjectSection(SolutionItems) = preProject
		kgrep.vsmdi = kgrep.vsmdi
		Local.testsettings = Local.testsettings
		TraceAndTestImpact.testsettings = TraceAndTestImpact.testsettings
	EndProjectSection
EndProject
Project("{FAE04EC0-301F-11D3-BF4B-00C04F79EFBC}") = "Tests", "Tests\Tests.csproj", "{A2C95262-B177-451B-A10C-D2823EA17ACB}"
EndProject
Global
	GlobalSection(TestCaseManagementSettings) = postSolution
		CategoryFile = kgrep.vsmdi
	EndGlobalSection
	GlobalSection(SolutionConfigurationPlatforms) = preSolution
		Debug|Any CPU = Debug|Any CPU
		Release|Any CPU = Release|Any CPU
	EndGlobalSection
	GlobalSection(ProjectConfigurationPlatforms) = postSolution
		{998FAF0D-4F32-427F-A7AD-B2C25C066317}.Debug|Any CPU.ActiveCfg = Debug|Any CPU
		{998FAF0D-4F32-427F-A7AD-B2C25C066317}.Debug|Any CPU.Build.0 = Debug|Any CPU
		{998FAF0D-4F32-427F-A7AD-B2C25C066317}.Release|Any CPU.ActiveCfg = Release|Any CPU
		{998FAF0D-4F32-427F-A7AD-B2C25C066317}.Release|Any CPU.Build.0 = Release|Any CPU
		{A2C95262-B177-451B-A10C-D2823EA17ACB}.Debug|Any CPU.ActiveCfg = Debug|Any CPU
		{A2C95262-B177-451B-A10C-D2823EA17ACB}.Debug|Any CPU.Build.0 = Debug|Any CPU
		{A2C95262-B177-451B-A10C-D2823EA17ACB}.Release|Any CPU.ActiveCfg = Release|Any CPU
		{A2C95262-B177-451B-A10C-D2823EA17ACB}.Release|Any CPU.Build.0 = Release|Any CPU
	EndGlobalSection
	GlobalSection(SolutionProperties) = preSolution
		HideSolutionNode = FALSE
	EndGlobalSection
EndGlobal
